
Microsoft Visual Studio Solution File, Format Version 12.00
Project("{FAE04EC0-301F-11D3-BF4B-00C04F79EFBC}") = "PdfTest", "PdfTest\PdfTest.csproj", "{EF7FEC40-7026-450C-9794-0725E226AF0E}"
EndProject
Project("{2150E333-8FDC-42A3-9474-1A3956D46DE8}") = "Solution", "Solution", "{6AC5C6AA-BFFD-47BD-8FA4-FB991F07E421}"
	ProjectSection(SolutionItems) = preProject
		Dockerfile = Dockerfile
		docker-compose.yml = docker-compose.yml
	EndProjectSection
EndProject
Global
	GlobalSection(SolutionConfigurationPlatforms) = preSolution
		Debug|Any CPU = Debug|Any CPU
		Release|Any CPU = Release|Any CPU
	EndGlobalSection
	GlobalSection(ProjectConfigurationPlatforms) = postSolution
		{EF7FEC40-7026-450C-9794-0725E226AF0E}.Debug|Any CPU.ActiveCfg = Debug|Any CPU
		{EF7FEC40-7026-450C-9794-0725E226AF0E}.Debug|Any CPU.Build.0 = Debug|Any CPU
		{EF7FEC40-7026-450C-9794-0725E226AF0E}.Release|Any CPU.ActiveCfg = Release|Any CPU
		{EF7FEC40-7026-450C-9794-0725E226AF0E}.Release|Any CPU.Build.0 = Release|Any CPU
	EndGlobalSection
EndGlobal
